
Microsoft Visual Studio Solution File, Format Version 12.00
# Visual Studio Version 17
VisualStudioVersion = 17.2.32427.441
MinimumVisualStudioVersion = 10.0.40219.1
Project("{9A19103F-16F7-4668-BE54-9A1E7A4F7556}") = "DiskObserver", "DiskObserver.Avalonia\DiskObserver.csproj", "{ECFCFB14-DF22-47B0-AE72-9D0865C9AF69}"
EndProject
Project("{FAE04EC0-301F-11D3-BF4B-00C04F79EFBC}") = "DiskObserver.Test", "DiskObserver.Test\DiskObserver.Test.csproj", "{EF49DC7A-8AAC-4BA6-BF28-5B54B355E018}"
EndProject
Global
	GlobalSection(SolutionConfigurationPlatforms) = preSolution
		Debug|Any CPU = Debug|Any CPU
		Debug|x64 = Debug|x64
		Release|Any CPU = Release|Any CPU
		Release|x64 = Release|x64
	EndGlobalSection
	GlobalSection(ProjectConfigurationPlatforms) = postSolution
		{ECFCFB14-DF22-47B0-AE72-9D0865C9AF69}.Debug|Any CPU.ActiveCfg = Debug|Any CPU
		{ECFCFB14-DF22-47B0-AE72-9D0865C9AF69}.Debug|Any CPU.Build.0 = Debug|Any CPU
		{ECFCFB14-DF22-47B0-AE72-9D0865C9AF69}.Debug|x64.ActiveCfg = Debug|Any CPU
		{ECFCFB14-DF22-47B0-AE72-9D0865C9AF69}.Debug|x64.Build.0 = Debug|Any CPU
		{ECFCFB14-DF22-47B0-AE72-9D0865C9AF69}.Release|Any CPU.ActiveCfg = Release|Any CPU
		{ECFCFB14-DF22-47B0-AE72-9D0865C9AF69}.Release|Any CPU.Build.0 = Release|Any CPU
		{ECFCFB14-DF22-47B0-AE72-9D0865C9AF69}.Release|x64.ActiveCfg = Release|Any CPU
		{ECFCFB14-DF22-47B0-AE72-9D0865C9AF69}.Release|x64.Build.0 = Release|Any CPU
		{EF49DC7A-8AAC-4BA6-BF28-5B54B355E018}.Debug|Any CPU.ActiveCfg = Debug|Any CPU
		{EF49DC7A-8AAC-4BA6-BF28-5B54B355E018}.Debug|Any CPU.Build.0 = Debug|Any CPU
		{EF49DC7A-8AAC-4BA6-BF28-5B54B355E018}.Debug|x64.ActiveCfg = Debug|Any CPU
		{EF49DC7A-8AAC-4BA6-BF28-5B54B355E018}.Debug|x64.Build.0 = Debug|Any CPU
		{EF49DC7A-8AAC-4BA6-BF28-5B54B355E018}.Release|Any CPU.ActiveCfg = Release|Any CPU
		{EF49DC7A-8AAC-4BA6-BF28-5B54B355E018}.Release|Any CPU.Build.0 = Release|Any CPU
		{EF49DC7A-8AAC-4BA6-BF28-5B54B355E018}.Release|x64.ActiveCfg = Release|Any CPU
		{EF49DC7A-8AAC-4BA6-BF28-5B54B355E018}.Release|x64.Build.0 = Release|Any CPU
	EndGlobalSection
	GlobalSection(SolutionProperties) = preSolution
		HideSolutionNode = FALSE
	EndGlobalSection
	GlobalSection(ExtensibilityGlobals) = postSolution
		SolutionGuid = {E2FC8B52-53C5-4B56-B277-83C160BCF848}
	EndGlobalSection
EndGlobal
